Microsoft Visual Studio Solution File, Format Version 11.00
# Visual Studio 2010
Project("{2150E333-8FDC-42A3-9474-1A3956D46DE8}") = "Solution Items", "Solution Items", "{C57D3F9F-7BA0-4D38-A159-B6EDA5C19B13}"
	ProjectSection(SolutionItems) = preProject
		..\Database\install_db.sql = ..\Database\install_db.sql
		..\..\LICENSE.txt = ..\..\LICENSE.txt
		..\..\Readme.htm = ..\..\Readme.htm
		..\..\ReleaseNotes.htm = ..\..\ReleaseNotes.htm
		..\Database\update_db.sql = ..\Database\update_db.sql
		VersionInfo.cs = VersionInfo.cs
		VersionInfo.vb = VersionInfo.vb
	EndProjectSection
EndProject
Project("{FAE04EC0-301F-11D3-BF4B-00C04F79EFBC}") = "WebsitePanel.EnterpriseServer", "WebsitePanel.EnterpriseServer\WebsitePanel.EnterpriseServer.csproj", "{59C7623A-5181-48A5-880A-C9B82B48F589}"
EndProject
Project("{FAE04EC0-301F-11D3-BF4B-00C04F79EFBC}") = "WebsitePanel.EnterpriseServer.Base", "WebsitePanel.EnterpriseServer.Base\WebsitePanel.EnterpriseServer.Base.csproj", "{C09CE910-F16B-48A1-B2CC-C99B8C1CF775}"
EndProject
Project("{FAE04EC0-301F-11D3-BF4B-00C04F79EFBC}") = "WebsitePanel.EnterpriseServer.Client", "WebsitePanel.EnterpriseServer.Client\WebsitePanel.EnterpriseServer.Client.csproj", "{4B344644-A570-477E-ADCC-F2B267D6C038}"
EndProject
Project("{FAE04EC0-301F-11D3-BF4B-00C04F79EFBC}") = "WebsitePanel.Plugins.2Checkout", "WebsitePanel.Gateways.2Checkout\WebsitePanel.Plugins.2Checkout.csproj", "{1222B073-8757-4163-9D1A-1A1EAE697DD3}"
EndProject
Project("{FAE04EC0-301F-11D3-BF4B-00C04F79EFBC}") = "WebsitePanel.Plugins.AuthorizeNet", "WebsitePanel.Gateways.AuthorizeNet\WebsitePanel.Plugins.AuthorizeNet.csproj", "{DB852295-2A86-44AB-8CF8-A73FEAF15368}"
EndProject
Project("{FAE04EC0-301F-11D3-BF4B-00C04F79EFBC}") = "WebsitePanel.Plugins.PayPalPro", "WebsitePanel.Gateways.PayPal\WebsitePanel.Plugins.PayPalPro.csproj", "{D695D58C-99F7-409E-B3D8-C1B97A8E748A}"
EndProject
Project("{FAE04EC0-301F-11D3-BF4B-00C04F79EFBC}") = "WebsitePanel.Products.DomainName", "WebsitePanel.Products.DomainName\WebsitePanel.Products.DomainName.csproj", "{FFE9BFD3-AAB8-4703-AF8F-A41F0D878DB8}"
EndProject
Project("{FAE04EC0-301F-11D3-BF4B-00C04F79EFBC}") = "WebsitePanel.Products.HostingAddon", "WebsitePanel.Products.HostingAddon\WebsitePanel.Products.HostingAddon.csproj", "{338F816B-BEB4-4F18-9EA1-2EFD35DBA65B}"
EndProject
Project("{FAE04EC0-301F-11D3-BF4B-00C04F79EFBC}") = "WebsitePanel.Products.HostingPlan", "WebsitePanel.Products.HostingPlan\WebsitePanel.Products.HostingPlan.csproj", "{65FEDD1B-379C-413D-84D8-20E6C29C645D}"
EndProject
Project("{FAE04EC0-301F-11D3-BF4B-00C04F79EFBC}") = "WebsitePanel.Plugins.Directi", "WebsitePanel.Registrars.Directi\WebsitePanel.Plugins.Directi.csproj", "{823D6FA5-F84F-4E50-9091-040C256955A5}"
EndProject
Project("{FAE04EC0-301F-11D3-BF4B-00C04F79EFBC}") = "WebsitePanel.Plugins.Enom", "WebsitePanel.Registrars.Enom\WebsitePanel.Plugins.Enom.csproj", "{39A6F585-4A27-4AAA-A43F-858FC32ADF98}"
EndProject
Project("{FAE04EC0-301F-11D3-BF4B-00C04F79EFBC}") = "WebsitePanel.Common.Utils", "WebsitePanel.Common.Utils\WebsitePanel.Common.Utils.csproj", "{53D22D35-4013-415F-BA09-F67A0DBBB0C1}"
EndProject
Project("{FAE04EC0-301F-11D3-BF4B-00C04F79EFBC}") = "WebsitePanel.Plugins.OfflinePayment", "WebsitePanel.Gateways.OfflinePayment\WebsitePanel.Plugins.OfflinePayment.csproj", "{01D3213A-B615-47D2-99F0-005CF05CE920}"
EndProject
Project("{FAE04EC0-301F-11D3-BF4B-00C04F79EFBC}") = "WebsitePanel.Plugins.OfflineRegistrar", "WebsitePanel.Registrars.OfflineRegistrar\WebsitePanel.Plugins.OfflineRegistrar.csproj", "{1FED69FB-68EB-46A8-9B9C-B08760AD4514}"
EndProject
Project("{FAE04EC0-301F-11D3-BF4B-00C04F79EFBC}") = "WebsitePanel.Whois", "WebsitePanel.Whois\WebsitePanel.Whois.csproj", "{7112B144-C5EE-43C2-9441-569D75D13CB9}"
EndProject
Project("{FAE04EC0-301F-11D3-BF4B-00C04F79EFBC}") = "WebsitePanel.Plugins.PayPalStandard", "WebsitePanel.Gateways.PayPalStandard\WebsitePanel.Plugins.PayPalStandard.csproj", "{9247B024-F931-4506-8ECD-27E862C0EA1D}"
EndProject
Project("{FAE04EC0-301F-11D3-BF4B-00C04F79EFBC}") = "WebsitePanel.Templates", "WebsitePanel.Templates\WebsitePanel.Templates.csproj", "{387FA0EF-3927-45FF-8F8F-BCCD735540C6}"
EndProject
Global
	GlobalSection(SolutionConfigurationPlatforms) = preSolution
		Debug|Any CPU = Debug|Any CPU
		Release|Any CPU = Release|Any CPU
	EndGlobalSection
	GlobalSection(ProjectConfigurationPlatforms) = postSolution
		{59C7623A-5181-48A5-880A-C9B82B48F589}.Debug|Any CPU.ActiveCfg = Debug|Any CPU
		{59C7623A-5181-48A5-880A-C9B82B48F589}.Debug|Any CPU.Build.0 = Debug|Any CPU
		{59C7623A-5181-48A5-880A-C9B82B48F589}.Release|Any CPU.ActiveCfg = Release|Any CPU
		{59C7623A-5181-48A5-880A-C9B82B48F589}.Release|Any CPU.Build.0 = Release|Any CPU
		{C09CE910-F16B-48A1-B2CC-C99B8C1CF775}.Debug|Any CPU.ActiveCfg = Debug|Any CPU
		{C09CE910-F16B-48A1-B2CC-C99B8C1CF775}.Debug|Any CPU.Build.0 = Debug|Any CPU
		{C09CE910-F16B-48A1-B2CC-C99B8C1CF775}.Release|Any CPU.ActiveCfg = Release|Any CPU
		{C09CE910-F16B-48A1-B2CC-C99B8C1CF775}.Release|Any CPU.Build.0 = Release|Any CPU
		{4B344644-A570-477E-ADCC-F2B267D6C038}.Debug|Any CPU.ActiveCfg = Debug|Any CPU
		{4B344644-A570-477E-ADCC-F2B267D6C038}.Debug|Any CPU.Build.0 = Debug|Any CPU
		{4B344644-A570-477E-ADCC-F2B267D6C038}.Release|Any CPU.ActiveCfg = Release|Any CPU
		{4B344644-A570-477E-ADCC-F2B267D6C038}.Release|Any CPU.Build.0 = Release|Any CPU
		{1222B073-8757-4163-9D1A-1A1EAE697DD3}.Debug|Any CPU.ActiveCfg = Debug|Any CPU
		{1222B073-8757-4163-9D1A-1A1EAE697DD3}.Debug|Any CPU.Build.0 = Debug|Any CPU
		{1222B073-8757-4163-9D1A-1A1EAE697DD3}.Release|Any CPU.ActiveCfg = Release|Any CPU
		{1222B073-8757-4163-9D1A-1A1EAE697DD3}.Release|Any CPU.Build.0 = Release|Any CPU
		{DB852295-2A86-44AB-8CF8-A73FEAF15368}.Debug|Any CPU.ActiveCfg = Debug|Any CPU
		{DB852295-2A86-44AB-8CF8-A73FEAF15368}.Debug|Any CPU.Build.0 = Debug|Any CPU
		{DB852295-2A86-44AB-8CF8-A73FEAF15368}.Release|Any CPU.ActiveCfg = Release|Any CPU
		{DB852295-2A86-44AB-8CF8-A73FEAF15368}.Release|Any CPU.Build.0 = Release|Any CPU
		{D695D58C-99F7-409E-B3D8-C1B97A8E748A}.Debug|Any CPU.ActiveCfg = Debug|Any CPU
		{D695D58C-99F7-409E-B3D8-C1B97A8E748A}.Debug|Any CPU.Build.0 = Debug|Any CPU
		{D695D58C-99F7-409E-B3D8-C1B97A8E748A}.Release|Any CPU.ActiveCfg = Release|Any CPU
		{D695D58C-99F7-409E-B3D8-C1B97A8E748A}.Release|Any CPU.Build.0 = Release|Any CPU
		{FFE9BFD3-AAB8-4703-AF8F-A41F0D878DB8}.Debug|Any CPU.ActiveCfg = Debug|Any CPU
		{FFE9BFD3-AAB8-4703-AF8F-A41F0D878DB8}.Release|Any CPU.ActiveCfg = Release|Any CPU
		{338F816B-BEB4-4F18-9EA1-2EFD35DBA65B}.Debug|Any CPU.ActiveCfg = Debug|Any CPU
		{338F816B-BEB4-4F18-9EA1-2EFD35DBA65B}.Release|Any CPU.ActiveCfg = Release|Any CPU
		{65FEDD1B-379C-413D-84D8-20E6C29C645D}.Debug|Any CPU.ActiveCfg = Debug|Any CPU
		{65FEDD1B-379C-413D-84D8-20E6C29C645D}.Release|Any CPU.ActiveCfg = Release|Any CPU
		{823D6FA5-F84F-4E50-9091-040C256955A5}.Debug|Any CPU.ActiveCfg = Debug|Any CPU
		{823D6FA5-F84F-4E50-9091-040C256955A5}.Debug|Any CPU.Build.0 = Debug|Any CPU
		{823D6FA5-F84F-4E50-9091-040C256955A5}.Release|Any CPU.ActiveCfg = Release|Any CPU
		{823D6FA5-F84F-4E50-9091-040C256955A5}.Release|Any CPU.Build.0 = Release|Any CPU
		{39A6F585-4A27-4AAA-A43F-858FC32ADF98}.Debug|Any CPU.ActiveCfg = Debug|Any CPU
		{39A6F585-4A27-4AAA-A43F-858FC32ADF98}.Debug|Any CPU.Build.0 = Debug|Any CPU
		{39A6F585-4A27-4AAA-A43F-858FC32ADF98}.Release|Any CPU.ActiveCfg = Release|Any CPU
		{39A6F585-4A27-4AAA-A43F-858FC32ADF98}.Release|Any CPU.Build.0 = Release|Any CPU
		{53D22D35-4013-415F-BA09-F67A0DBBB0C1}.Debug|Any CPU.ActiveCfg = Debug|Any CPU
		{53D22D35-4013-415F-BA09-F67A0DBBB0C1}.Debug|Any CPU.Build.0 = Debug|Any CPU
		{53D22D35-4013-415F-BA09-F67A0DBBB0C1}.Release|Any CPU.ActiveCfg = Release|Any CPU
		{53D22D35-4013-415F-BA09-F67A0DBBB0C1}.Release|Any CPU.Build.0 = Release|Any CPU
		{01D3213A-B615-47D2-99F0-005CF05CE920}.Debug|Any CPU.ActiveCfg = Debug|Any CPU
		{01D3213A-B615-47D2-99F0-005CF05CE920}.Debug|Any CPU.Build.0 = Debug|Any CPU
		{01D3213A-B615-47D2-99F0-005CF05CE920}.Release|Any CPU.ActiveCfg = Release|Any CPU
		{01D3213A-B615-47D2-99F0-005CF05CE920}.Release|Any CPU.Build.0 = Release|Any CPU
		{1FED69FB-68EB-46A8-9B9C-B08760AD4514}.Debug|Any CPU.ActiveCfg = Debug|Any CPU
		{1FED69FB-68EB-46A8-9B9C-B08760AD4514}.Debug|Any CPU.Build.0 = Debug|Any CPU
		{1FED69FB-68EB-46A8-9B9C-B08760AD4514}.Release|Any CPU.ActiveCfg = Release|Any CPU
		{1FED69FB-68EB-46A8-9B9C-B08760AD4514}.Release|Any CPU.Build.0 = Release|Any CPU
		{7112B144-C5EE-43C2-9441-569D75D13CB9}.Debug|Any CPU.ActiveCfg = Debug|Any CPU
		{7112B144-C5EE-43C2-9441-569D75D13CB9}.Debug|Any CPU.Build.0 = Debug|Any CPU
		{7112B144-C5EE-43C2-9441-569D75D13CB9}.Release|Any CPU.ActiveCfg = Release|Any CPU
		{7112B144-C5EE-43C2-9441-569D75D13CB9}.Release|Any CPU.Build.0 = Release|Any CPU
		{9247B024-F931-4506-8ECD-27E862C0EA1D}.Debug|Any CPU.ActiveCfg = Debug|Any CPU
		{9247B024-F931-4506-8ECD-27E862C0EA1D}.Debug|Any CPU.Build.0 = Debug|Any CPU
		{9247B024-F931-4506-8ECD-27E862C0EA1D}.Release|Any CPU.ActiveCfg = Release|Any CPU
		{9247B024-F931-4506-8ECD-27E862C0EA1D}.Release|Any CPU.Build.0 = Release|Any CPU
		{387FA0EF-3927-45FF-8F8F-BCCD735540C6}.Debug|Any CPU.ActiveCfg = Debug|Any CPU
		{387FA0EF-3927-45FF-8F8F-BCCD735540C6}.Debug|Any CPU.Build.0 = Debug|Any CPU
		{387FA0EF-3927-45FF-8F8F-BCCD735540C6}.Release|Any CPU.ActiveCfg = Release|Any CPU
		{387FA0EF-3927-45FF-8F8F-BCCD735540C6}.Release|Any CPU.Build.0 = Release|Any CPU
	EndGlobalSection
	GlobalSection(SolutionProperties) = preSolution
		HideSolutionNode = FALSE
	EndGlobalSection
EndGlobal
